
Microsoft Visual Studio Solution File, Format Version 12.00
# Visual Studio Version 16
VisualStudioVersion = 16.0.29306.81
MinimumVisualStudioVersion = 10.0.40219.1
Project("{FAE04EC0-301F-11D3-BF4B-00C04F79EFBC}") = "FirstProject1", "FirstProject1.csproj", "{38938A94-46D8-46B6-A377-48445750C12D}"
EndProject
Global
	GlobalSection(SolutionConfigurationPlatforms) = preSolution
		Debug|Any CPU = Debug|Any CPU
		Release|Any CPU = Release|Any CPU
	EndGlobalSection
	GlobalSection(ProjectConfigurationPlatforms) = postSolution
		{38938A94-46D8-46B6-A377-48445750C12D}.Debug|Any CPU.ActiveCfg = Debug|Any CPU
		{38938A94-46D8-46B6-A377-48445750C12D}.Debug|Any CPU.Build.0 = Debug|Any CPU
		{38938A94-46D8-46B6-A377-48445750C12D}.Release|Any CPU.ActiveCfg = Release|Any CPU
		{38938A94-46D8-46B6-A377-48445750C12D}.Release|Any CPU.Build.0 = Release|Any CPU
	EndGlobalSection
	GlobalSection(SolutionProperties) = preSolution
		HideSolutionNode = FALSE
	EndGlobalSection
	GlobalSection(ExtensibilityGlobals) = postSolution
		SolutionGuid = {566CC93F-08D4-45C3-BCA2-7CB62774059D}
	EndGlobalSection
EndGlobal
